dependencies:
- name: nats
  repository: https://charts.bitnami.com/bitnami
  version: 6.0.0
- name: redis
  repository: https://charts.bitnami.com/bitnami
  version: 12.1.1
- name: etcd
  repository: https://charts.bitnami.com/bitnami
  version: 5.4.0
digest: sha256:6cc8b0ad6f5e40afccbf8a40c95b74a6ed237a749810c2a60d902de3fa46f666
generated: "2020-12-18T23:16:49.496579162Z"
